Microsoft Visual Studio Solution File, Format Version 12.00
# Visual Studio 14
VisualStudioVersion = 14.0.25123.0
MinimumVisualStudioVersion = 10.0.40219.1
Project("{8BC9CEB8-8B4A-11D0-8D11-00A0C91BC942}") = "qxldod", "qxldod\qxldod.vcxproj", "{A6F48FC7-97E9-48EC-BCDF-1E4F9B43AADD}"
EndProject
Project("{8BC9CEB8-8B4A-11D0-8D11-00A0C91BC942}") = "qxldod_Package", "qxldod Package\qxldod Package.vcxproj", "{B8C04B51-4207-491D-A7DD-C54861E8B528}"
	ProjectSection(ProjectDependencies) = postProject
		{A6F48FC7-97E9-48EC-BCDF-1E4F9B43AADD} = {A6F48FC7-97E9-48EC-BCDF-1E4F9B43AADD}
	EndProjectSection
EndProject
Project("{2150E333-8FDC-42A3-9474-1A3956D46DE8}") = "Solution Items", "Solution Items", "{467F7836-D656-441E-ACFE-1CF73CD25364}"
EndProject
Global
	GlobalSection(SolutionConfigurationPlatforms) = preSolution
		Win10Debug_NoSign|Win32 = Win10Debug_NoSign|Win32
		Win10Debug_NoSign|x64 = Win10Debug_NoSign|x64
		Win10Debug|Win32 = Win10Debug|Win32
		Win10Debug|x64 = Win10Debug|x64
		Win10Release|Win32 = Win10Release|Win32
		Win10Release|x64 = Win10Release|x64
	EndGlobalSection
	GlobalSection(ProjectConfigurationPlatforms) = postSolution
		{A6F48FC7-97E9-48EC-BCDF-1E4F9B43AADD}.Win10Debug_NoSign|Win32.ActiveCfg = Win10Debug_NoSign|Win32
		{A6F48FC7-97E9-48EC-BCDF-1E4F9B43AADD}.Win10Debug_NoSign|Win32.Build.0 = Win10Debug_NoSign|Win32
		{A6F48FC7-97E9-48EC-BCDF-1E4F9B43AADD}.Win10Debug_NoSign|Win32.Deploy.0 = Win10Debug_NoSign|Win32
		{A6F48FC7-97E9-48EC-BCDF-1E4F9B43AADD}.Win10Debug_NoSign|x64.ActiveCfg = Win10Debug_NoSign|x64
		{A6F48FC7-97E9-48EC-BCDF-1E4F9B43AADD}.Win10Debug_NoSign|x64.Build.0 = Win10Debug_NoSign|x64
		{A6F48FC7-97E9-48EC-BCDF-1E4F9B43AADD}.Win10Debug_NoSign|x64.Deploy.0 = Win10Debug_NoSign|x64
		{A6F48FC7-97E9-48EC-BCDF-1E4F9B43AADD}.Win10Debug|Win32.ActiveCfg = Win10Debug|Win32
		{A6F48FC7-97E9-48EC-BCDF-1E4F9B43AADD}.Win10Debug|Win32.Build.0 = Win10Debug|Win32
		{A6F48FC7-97E9-48EC-BCDF-1E4F9B43AADD}.Win10Debug|Win32.Deploy.0 = Win10Debug|Win32
		{A6F48FC7-97E9-48EC-BCDF-1E4F9B43AADD}.Win10Debug|x64.ActiveCfg = Win10Debug|x64
		{A6F48FC7-97E9-48EC-BCDF-1E4F9B43AADD}.Win10Debug|x64.Build.0 = Win10Debug|x64
		{A6F48FC7-97E9-48EC-BCDF-1E4F9B43AADD}.Win10Debug|x64.Deploy.0 = Win10Debug|x64
		{A6F48FC7-97E9-48EC-BCDF-1E4F9B43AADD}.Win10Release|Win32.ActiveCfg = Win10Release|Win32
		{A6F48FC7-97E9-48EC-BCDF-1E4F9B43AADD}.Win10Release|Win32.Build.0 = Win10Release|Win32
		{A6F48FC7-97E9-48EC-BCDF-1E4F9B43AADD}.Win10Release|Win32.Deploy.0 = Win10Release|Win32
		{A6F48FC7-97E9-48EC-BCDF-1E4F9B43AADD}.Win10Release|x64.ActiveCfg = Win10Release|x64
		{A6F48FC7-97E9-48EC-BCDF-1E4F9B43AADD}.Win10Release|x64.Build.0 = Win10Release|x64
		{A6F48FC7-97E9-48EC-BCDF-1E4F9B43AADD}.Win10Release|x64.Deploy.0 = Win10Release|x64
		{B8C04B51-4207-491D-A7DD-C54861E8B528}.Win10Debug_NoSign|Win32.ActiveCfg = Win10Debug_NoSign|Win32
		{B8C04B51-4207-491D-A7DD-C54861E8B528}.Win10Debug_NoSign|Win32.Build.0 = Win10Debug_NoSign|Win32
		{B8C04B51-4207-491D-A7DD-C54861E8B528}.Win10Debug_NoSign|Win32.Deploy.0 = Win10Debug_NoSign|Win32
		{B8C04B51-4207-491D-A7DD-C54861E8B528}.Win10Debug_NoSign|x64.ActiveCfg = Win10Debug_NoSign|x64
		{B8C04B51-4207-491D-A7DD-C54861E8B528}.Win10Debug_NoSign|x64.Build.0 = Win10Debug_NoSign|x64
		{B8C04B51-4207-491D-A7DD-C54861E8B528}.Win10Debug_NoSign|x64.Deploy.0 = Win10Debug_NoSign|x64
		{B8C04B51-4207-491D-A7DD-C54861E8B528}.Win10Debug|Win32.ActiveCfg = Win10Debug|Win32
		{B8C04B51-4207-491D-A7DD-C54861E8B528}.Win10Debug|Win32.Build.0 = Win10Debug|Win32
		{B8C04B51-4207-491D-A7DD-C54861E8B528}.Win10Debug|Win32.Deploy.0 = Win10Debug|Win32
		{B8C04B51-4207-491D-A7DD-C54861E8B528}.Win10Debug|x64.ActiveCfg = Win10Debug|x64
		{B8C04B51-4207-491D-A7DD-C54861E8B528}.Win10Debug|x64.Build.0 = Win10Debug|x64
		{B8C04B51-4207-491D-A7DD-C54861E8B528}.Win10Debug|x64.Deploy.0 = Win10Debug|x64
		{B8C04B51-4207-491D-A7DD-C54861E8B528}.Win10Release|Win32.ActiveCfg = Win10Release|Win32
		{B8C04B51-4207-491D-A7DD-C54861E8B528}.Win10Release|Win32.Build.0 = Win10Release|Win32
		{B8C04B51-4207-491D-A7DD-C54861E8B528}.Win10Release|Win32.Deploy.0 = Win10Release|Win32
		{B8C04B51-4207-491D-A7DD-C54861E8B528}.Win10Release|x64.ActiveCfg = Win10Release|x64
		{B8C04B51-4207-491D-A7DD-C54861E8B528}.Win10Release|x64.Build.0 = Win10Release|x64
		{B8C04B51-4207-491D-A7DD-C54861E8B528}.Win10Release|x64.Deploy.0 = Win10Release|x64
	EndGlobalSection
	GlobalSection(SolutionProperties) = preSolution
		HideSolutionNode = FALSE
	EndGlobalSection
EndGlobal
